
Microsoft Visual Studio Solution File, Format Version 12.00
# Visual Studio Version 17
VisualStudioVersion = 17.10.35122.118
MinimumVisualStudioVersion = 10.0.40219.1
Project("{FAE04EC0-301F-11D3-BF4B-00C04F79EFBC}") = "assgniment5", "assgniment5.csproj", "{533D7C85-7250-4AE6-BF2D-14E0415607CB}"
EndProject
Global
	GlobalSection(SolutionConfigurationPlatforms) = preSolution
		Debug|Any CPU = Debug|Any CPU
		Release|Any CPU = Release|Any CPU
	EndGlobalSection
	GlobalSection(ProjectConfigurationPlatforms) = postSolution
		{533D7C85-7250-4AE6-BF2D-14E0415607CB}.Debug|Any CPU.ActiveCfg = Debug|Any CPU
		{533D7C85-7250-4AE6-BF2D-14E0415607CB}.Debug|Any CPU.Build.0 = Debug|Any CPU
		{533D7C85-7250-4AE6-BF2D-14E0415607CB}.Release|Any CPU.ActiveCfg = Release|Any CPU
		{533D7C85-7250-4AE6-BF2D-14E0415607CB}.Release|Any CPU.Build.0 = Release|Any CPU
	EndGlobalSection
	GlobalSection(SolutionProperties) = preSolution
		HideSolutionNode = FALSE
	EndGlobalSection
	GlobalSection(ExtensibilityGlobals) = postSolution
		SolutionGuid = {60397974-C417-49FC-AB55-19C1567E62C2}
	EndGlobalSection
EndGlobal
